
Microsoft Visual Studio Solution File, Format Version 12.00
# Visual Studio Version 16
VisualStudioVersion = 16.0.30011.22
MinimumVisualStudioVersion = 10.0.40219.1
Project("{9A19103F-16F7-4668-BE54-9A1E7A4F7556}") = "BlogApp", "BlogApp\BlogApp.csproj", "{56F9C82D-85B0-4E3F-A926-C4657881A466}"
EndProject
Project("{FAE04EC0-301F-11D3-BF4B-00C04F79EFBC}") = "BlogApp.Data", "BlogApp.Data\BlogApp.Data.csproj", "{A3924269-F880-4640-BD38-C412D17FD46F}"
EndProject
Project("{FAE04EC0-301F-11D3-BF4B-00C04F79EFBC}") = "BlogApp.Controllers", "BlogApp.Controllers\BlogApp.Controllers.csproj", "{87424101-3F69-44AD-B8D4-60334321C26A}"
EndProject
Project("{FAE04EC0-301F-11D3-BF4B-00C04F79EFBC}") = "BlogApp.Services", "BlogApp.Services\BlogApp.Services.csproj", "{B29B13D1-2084-42E4-BC18-FBF770A0613F}"
EndProject
Project("{FAE04EC0-301F-11D3-BF4B-00C04F79EFBC}") = "BlogApp.Test", "BlogApp.Test\BlogApp.Test.csproj", "{89CC440D-F5C4-40E7-A53C-AB89D26966D4}"
EndProject
Global
	GlobalSection(SolutionConfigurationPlatforms) = preSolution
		Debug|Any CPU = Debug|Any CPU
		Release|Any CPU = Release|Any CPU
	EndGlobalSection
	GlobalSection(ProjectConfigurationPlatforms) = postSolution
		{56F9C82D-85B0-4E3F-A926-C4657881A466}.Debug|Any CPU.ActiveCfg = Debug|Any CPU
		{56F9C82D-85B0-4E3F-A926-C4657881A466}.Debug|Any CPU.Build.0 = Debug|Any CPU
		{56F9C82D-85B0-4E3F-A926-C4657881A466}.Release|Any CPU.ActiveCfg = Release|Any CPU
		{56F9C82D-85B0-4E3F-A926-C4657881A466}.Release|Any CPU.Build.0 = Release|Any CPU
		{A3924269-F880-4640-BD38-C412D17FD46F}.Debug|Any CPU.ActiveCfg = Debug|Any CPU
		{A3924269-F880-4640-BD38-C412D17FD46F}.Debug|Any CPU.Build.0 = Debug|Any CPU
		{A3924269-F880-4640-BD38-C412D17FD46F}.Release|Any CPU.ActiveCfg = Release|Any CPU
		{A3924269-F880-4640-BD38-C412D17FD46F}.Release|Any CPU.Build.0 = Release|Any CPU
		{87424101-3F69-44AD-B8D4-60334321C26A}.Debug|Any CPU.ActiveCfg = Debug|Any CPU
		{87424101-3F69-44AD-B8D4-60334321C26A}.Debug|Any CPU.Build.0 = Debug|Any CPU
		{87424101-3F69-44AD-B8D4-60334321C26A}.Release|Any CPU.ActiveCfg = Release|Any CPU
		{87424101-3F69-44AD-B8D4-60334321C26A}.Release|Any CPU.Build.0 = Release|Any CPU
		{B29B13D1-2084-42E4-BC18-FBF770A0613F}.Debug|Any CPU.ActiveCfg = Debug|Any CPU
		{B29B13D1-2084-42E4-BC18-FBF770A0613F}.Debug|Any CPU.Build.0 = Debug|Any CPU
		{B29B13D1-2084-42E4-BC18-FBF770A0613F}.Release|Any CPU.ActiveCfg = Release|Any CPU
		{B29B13D1-2084-42E4-BC18-FBF770A0613F}.Release|Any CPU.Build.0 = Release|Any CPU
		{89CC440D-F5C4-40E7-A53C-AB89D26966D4}.Debug|Any CPU.ActiveCfg = Debug|Any CPU
		{89CC440D-F5C4-40E7-A53C-AB89D26966D4}.Debug|Any CPU.Build.0 = Debug|Any CPU
		{89CC440D-F5C4-40E7-A53C-AB89D26966D4}.Release|Any CPU.ActiveCfg = Release|Any CPU
		{89CC440D-F5C4-40E7-A53C-AB89D26966D4}.Release|Any CPU.Build.0 = Release|Any CPU
	EndGlobalSection
	GlobalSection(SolutionProperties) = preSolution
		HideSolutionNode = FALSE
	EndGlobalSection
	GlobalSection(ExtensibilityGlobals) = postSolution
		SolutionGuid = {36BC0A3F-89E4-4F0B-8408-7F6287CDAB01}
	EndGlobalSection
EndGlobal
